{
  "name": "foodblog-dvops",
  "version": "1.0.0",
  "lockfileVersion": 3,
  "requires": true,
  "packages": {
    "": {
      "name": "foodblog-dvops",
      "version": "1.0.0",
      "license": "ISC",
      "dependencies": {

      },
      "engines": {
        "node": ">= 0.4"
      },
      "funding": {
        "url": "https://github.com/sponsors/ljharb"
      }
    },

      "engines": {
        "node": ">= 0.4"
      },
      "funding": {
        "url": "https://github.com/sponsors/ljharb"
      }
    },

      "funding": {
        "url": "https://github.com/sponsors/sindresorhus"
      }
    },

      "engines": {
        "node": ">= 0.6"
      }
    },

      "engines": {
        "node": ">= 0.8"
      }
    },

      }
    }
  }
}
